
Microsoft Visual Studio Solution File, Format Version 12.00
# Visual Studio Version 17
VisualStudioVersion = 17.6.33829.357
MinimumVisualStudioVersion = 10.0.40219.1
Project("{2150E333-8FDC-42A3-9474-1A3956D46DE8}") = "Core", "Core", "{1BE25516-A2B7-4651-B1D5-B5FFF3975B5E}"
EndProject
Project("{2150E333-8FDC-42A3-9474-1A3956D46DE8}") = "Infrastructure", "Infrastructure", "{8F859560-A6C9-4208-B70F-796C142F60B3}"
EndProject
Project("{2150E333-8FDC-42A3-9474-1A3956D46DE8}") = "Presantation", "Presantation", "{13C40B5A-0F52-4D1D-938A-E3A8FEB38F9B}"
EndProject
Project("{FAE04EC0-301F-11D3-BF4B-00C04F79EFBC}") = "Productify.MVC", "Productify.MVC\Productify.MVC.csproj", "{31393C86-4F57-44F3-A09F-D02CD1066CFE}"
EndProject
Project("{FAE04EC0-301F-11D3-BF4B-00C04F79EFBC}") = "Productify.Domain", "Productify.Domain\Productify.Domain.csproj", "{6E5BBC39-0A2D-4E12-8014-A09FF2703385}"
EndProject
Project("{FAE04EC0-301F-11D3-BF4B-00C04F79EFBC}") = "Productify.Persistence", "Productify.Persistence\Productify.Persistence.csproj", "{968619EF-979C-4218-AADB-5E480D9C19B2}"
EndProject
Global
	GlobalSection(SolutionConfigurationPlatforms) = preSolution
		Debug|Any CPU = Debug|Any CPU
		Release|Any CPU = Release|Any CPU
	EndGlobalSection
	GlobalSection(ProjectConfigurationPlatforms) = postSolution
		{31393C86-4F57-44F3-A09F-D02CD1066CFE}.Debug|Any CPU.ActiveCfg = Debug|Any CPU
		{31393C86-4F57-44F3-A09F-D02CD1066CFE}.Debug|Any CPU.Build.0 = Debug|Any CPU
		{31393C86-4F57-44F3-A09F-D02CD1066CFE}.Release|Any CPU.ActiveCfg = Release|Any CPU
		{31393C86-4F57-44F3-A09F-D02CD1066CFE}.Release|Any CPU.Build.0 = Release|Any CPU
		{6E5BBC39-0A2D-4E12-8014-A09FF2703385}.Debug|Any CPU.ActiveCfg = Debug|Any CPU
		{6E5BBC39-0A2D-4E12-8014-A09FF2703385}.Debug|Any CPU.Build.0 = Debug|Any CPU
		{6E5BBC39-0A2D-4E12-8014-A09FF2703385}.Release|Any CPU.ActiveCfg = Release|Any CPU
		{6E5BBC39-0A2D-4E12-8014-A09FF2703385}.Release|Any CPU.Build.0 = Release|Any CPU
		{968619EF-979C-4218-AADB-5E480D9C19B2}.Debug|Any CPU.ActiveCfg = Debug|Any CPU
		{968619EF-979C-4218-AADB-5E480D9C19B2}.Debug|Any CPU.Build.0 = Debug|Any CPU
		{968619EF-979C-4218-AADB-5E480D9C19B2}.Release|Any CPU.ActiveCfg = Release|Any CPU
		{968619EF-979C-4218-AADB-5E480D9C19B2}.Release|Any CPU.Build.0 = Release|Any CPU
	EndGlobalSection
	GlobalSection(SolutionProperties) = preSolution
		HideSolutionNode = FALSE
	EndGlobalSection
	GlobalSection(NestedProjects) = preSolution
		{31393C86-4F57-44F3-A09F-D02CD1066CFE} = {13C40B5A-0F52-4D1D-938A-E3A8FEB38F9B}
		{6E5BBC39-0A2D-4E12-8014-A09FF2703385} = {1BE25516-A2B7-4651-B1D5-B5FFF3975B5E}
		{968619EF-979C-4218-AADB-5E480D9C19B2} = {8F859560-A6C9-4208-B70F-796C142F60B3}
	EndGlobalSection
	GlobalSection(ExtensibilityGlobals) = postSolution
		SolutionGuid = {9ADD84E4-350A-42FA-89E8-DB4502C99528}
	EndGlobalSection
EndGlobal
